
Microsoft Visual Studio Solution File, Format Version 12.00
# Visual Studio Version 17
VisualStudioVersion = 17.9.34728.123
MinimumVisualStudioVersion = 10.0.40219.1
Project("{FAE04EC0-301F-11D3-BF4B-00C04F79EFBC}") = "Prueba_Tecnica_Finanzauto", "Prueba_Tecnica_Finanzauto\Prueba_Tecnica_Finanzauto.csproj", "{60A6AC88-951B-4C98-B9B6-B0484D54DBF2}"
EndProject
Global
	GlobalSection(SolutionConfigurationPlatforms) = preSolution
		Debug|Any CPU = Debug|Any CPU
		Release|Any CPU = Release|Any CPU
	EndGlobalSection
	GlobalSection(ProjectConfigurationPlatforms) = postSolution
		{60A6AC88-951B-4C98-B9B6-B0484D54DBF2}.Debug|Any CPU.ActiveCfg = Debug|Any CPU
		{60A6AC88-951B-4C98-B9B6-B0484D54DBF2}.Debug|Any CPU.Build.0 = Debug|Any CPU
		{60A6AC88-951B-4C98-B9B6-B0484D54DBF2}.Release|Any CPU.ActiveCfg = Release|Any CPU
		{60A6AC88-951B-4C98-B9B6-B0484D54DBF2}.Release|Any CPU.Build.0 = Release|Any CPU
	EndGlobalSection
	GlobalSection(SolutionProperties) = preSolution
		HideSolutionNode = FALSE
	EndGlobalSection
	GlobalSection(ExtensibilityGlobals) = postSolution
		SolutionGuid = {00C5D6B9-4F0C-49F0-B14E-086DDAA481D8}
	EndGlobalSection
EndGlobal
